
Microsoft Visual Studio Solution File, Format Version 12.00
# Visual Studio 2012
Project("{E24C65DC-7377-472B-9ABA-BC803B73C61A}") = "SnacksShop", ".", "{29C3C516-9445-408D-A1E0-20AA092C3705}"
	ProjectSection(WebsiteProperties) = preProject
		TargetFrameworkMoniker = ".NETFramework,Version%3Dv4.5"
		Debug.AspNetCompiler.VirtualPath = "/SnacksShop"
		Debug.AspNetCompiler.PhysicalPath = "..\meimei\SnacksShop\"
		Debug.AspNetCompiler.TargetPath = "PrecompiledWeb\SnacksShop\"
		Debug.AspNetCompiler.Updateable = "true"
		Debug.AspNetCompiler.ForceOverwrite = "true"
		Debug.AspNetCompiler.FixedNames = "false"
		Debug.AspNetCompiler.Debug = "True"
		Release.AspNetCompiler.VirtualPath = "/SnacksShop"
		Release.AspNetCompiler.PhysicalPath = "..\meimei\SnacksShop\"
		Release.AspNetCompiler.TargetPath = "PrecompiledWeb\SnacksShop\"
		Release.AspNetCompiler.Updateable = "true"
		Release.AspNetCompiler.ForceOverwrite = "true"
		Release.AspNetCompiler.FixedNames = "false"
		Release.AspNetCompiler.Debug = "False"
		VWDPort = "54662"
	EndProjectSection
EndProject
Global
	GlobalSection(SolutionConfigurationPlatforms) = preSolution
		Debug|Any CPU = Debug|Any CPU
	EndGlobalSection
	GlobalSection(ProjectConfigurationPlatforms) = postSolution
		{29C3C516-9445-408D-A1E0-20AA092C3705}.Debug|Any CPU.ActiveCfg = Debug|Any CPU
		{29C3C516-9445-408D-A1E0-20AA092C3705}.Debug|Any CPU.Build.0 = Debug|Any CPU
	EndGlobalSection
	GlobalSection(SolutionProperties) = preSolution
		HideSolutionNode = FALSE
	EndGlobalSection
EndGlobal
